
Microsoft Visual Studio Solution File, Format Version 12.00
# Visual Studio 2013
VisualStudioVersion = 12.0.30324.0
MinimumVisualStudioVersion = 10.0.40219.1
Project("{FAE04EC0-301F-11D3-BF4B-00C04F79EFBC}") = "ServiceReminder.WinPhone", "ServiceReminder\ServiceReminder.WinPhone\ServiceReminder.WinPhone.csproj", "{CCBB2539-C664-4D06-B5D1-B4F9A2C334F1}"
EndProject
Project("{FAE04EC0-301F-11D3-BF4B-00C04F79EFBC}") = "ServiceReminder.iOS", "ServiceReminder\ServiceReminder.iOS\ServiceReminder.iOS.csproj", "{1B156FB2-35AB-4765-92F4-0570C90B4D49}"
EndProject
Project("{FAE04EC0-301F-11D3-BF4B-00C04F79EFBC}") = "ServiceReminder.Android", "ServiceReminder\ServiceReminder.Android\ServiceReminder.Android.csproj", "{6E17A382-ADE6-479C-A456-B2968DB4B290}"
EndProject
Project("{D954291E-2A0B-460D-934E-DC6B0785DB48}") = "ServiceReminder", "ServiceReminder\ServiceReminder\ServiceReminder.shproj", "{E062AD8B-3928-4337-A6B4-7B744150C9CA}"
EndProject
Global
	GlobalSection(SharedMSBuildProjectFiles) = preSolution
		ServiceReminder\ServiceReminder\ServiceReminder.projitems*{e062ad8b-3928-4337-a6b4-7b744150c9ca}*SharedItemsImports = 13
		ServiceReminder\ServiceReminder\ServiceReminder.projitems*{ccbb2539-c664-4d06-b5d1-b4f9a2c334f1}*SharedItemsImports = 4
		ServiceReminder\ServiceReminder\ServiceReminder.projitems*{1b156fb2-35ab-4765-92f4-0570c90b4d49}*SharedItemsImports = 4
		ServiceReminder\ServiceReminder\ServiceReminder.projitems*{6e17a382-ade6-479c-a456-b2968db4b290}*SharedItemsImports = 4
	EndGlobalSection
	GlobalSection(SolutionConfigurationPlatforms) = preSolution
		Ad-Hoc|Any CPU = Ad-Hoc|Any CPU
		Ad-Hoc|ARM = Ad-Hoc|ARM
		Ad-Hoc|iPhone = Ad-Hoc|iPhone
		Ad-Hoc|iPhoneSimulator = Ad-Hoc|iPhoneSimulator
		Ad-Hoc|Mixed Platforms = Ad-Hoc|Mixed Platforms
		Ad-Hoc|x86 = Ad-Hoc|x86
		AppStore|Any CPU = AppStore|Any CPU
		AppStore|ARM = AppStore|ARM
		AppStore|iPhone = AppStore|iPhone
		AppStore|iPhoneSimulator = AppStore|iPhoneSimulator
		AppStore|Mixed Platforms = AppStore|Mixed Platforms
		AppStore|x86 = AppStore|x86
		Debug|Any CPU = Debug|Any CPU
		Debug|ARM = Debug|ARM
		Debug|iPhone = Debug|iPhone
		Debug|iPhoneSimulator = Debug|iPhoneSimulator
		Debug|Mixed Platforms = Debug|Mixed Platforms
		Debug|x86 = Debug|x86
		Release|Any CPU = Release|Any CPU
		Release|ARM = Release|ARM
		Release|iPhone = Release|iPhone
		Release|iPhoneSimulator = Release|iPhoneSimulator
		Release|Mixed Platforms = Release|Mixed Platforms
		Release|x86 = Release|x86
	EndGlobalSection
	GlobalSection(ProjectConfigurationPlatforms) = postSolution
		{CCBB2539-C664-4D06-B5D1-B4F9A2C334F1}.Ad-Hoc|Any CPU.ActiveCfg = Release|Any CPU
		{CCBB2539-C664-4D06-B5D1-B4F9A2C334F1}.Ad-Hoc|Any CPU.Build.0 = Release|Any CPU
		{CCBB2539-C664-4D06-B5D1-B4F9A2C334F1}.Ad-Hoc|Any CPU.Deploy.0 = Release|Any CPU
		{CCBB2539-C664-4D06-B5D1-B4F9A2C334F1}.Ad-Hoc|ARM.ActiveCfg = Release|ARM
		{CCBB2539-C664-4D06-B5D1-B4F9A2C334F1}.Ad-Hoc|ARM.Build.0 = Release|ARM
		{CCBB2539-C664-4D06-B5D1-B4F9A2C334F1}.Ad-Hoc|ARM.Deploy.0 = Release|ARM
		{CCBB2539-C664-4D06-B5D1-B4F9A2C334F1}.Ad-Hoc|iPhone.ActiveCfg = Release|Any CPU
		{CCBB2539-C664-4D06-B5D1-B4F9A2C334F1}.Ad-Hoc|iPhoneSimulator.ActiveCfg = Release|x86
		{CCBB2539-C664-4D06-B5D1-B4F9A2C334F1}.Ad-Hoc|iPhoneSimulator.Build.0 = Release|x86
		{CCBB2539-C664-4D06-B5D1-B4F9A2C334F1}.Ad-Hoc|iPhoneSimulator.Deploy.0 = Release|x86
		{CCBB2539-C664-4D06-B5D1-B4F9A2C334F1}.Ad-Hoc|Mixed Platforms.ActiveCfg = Release|x86
		{CCBB2539-C664-4D06-B5D1-B4F9A2C334F1}.Ad-Hoc|Mixed Platforms.Build.0 = Release|x86
		{CCBB2539-C664-4D06-B5D1-B4F9A2C334F1}.Ad-Hoc|Mixed Platforms.Deploy.0 = Release|x86
		{CCBB2539-C664-4D06-B5D1-B4F9A2C334F1}.Ad-Hoc|x86.ActiveCfg = Release|x86
		{CCBB2539-C664-4D06-B5D1-B4F9A2C334F1}.Ad-Hoc|x86.Build.0 = Release|x86
		{CCBB2539-C664-4D06-B5D1-B4F9A2C334F1}.Ad-Hoc|x86.Deploy.0 = Release|x86
		{CCBB2539-C664-4D06-B5D1-B4F9A2C334F1}.AppStore|Any CPU.ActiveCfg = Release|Any CPU
		{CCBB2539-C664-4D06-B5D1-B4F9A2C334F1}.AppStore|Any CPU.Build.0 = Release|Any CPU
		{CCBB2539-C664-4D06-B5D1-B4F9A2C334F1}.AppStore|Any CPU.Deploy.0 = Release|Any CPU
		{CCBB2539-C664-4D06-B5D1-B4F9A2C334F1}.AppStore|ARM.ActiveCfg = Release|ARM
		{CCBB2539-C664-4D06-B5D1-B4F9A2C334F1}.AppStore|ARM.Build.0 = Release|ARM
		{CCBB2539-C664-4D06-B5D1-B4F9A2C334F1}.AppStore|ARM.Deploy.0 = Release|ARM
		{CCBB2539-C664-4D06-B5D1-B4F9A2C334F1}.AppStore|iPhone.ActiveCfg = Release|Any CPU
		{CCBB2539-C664-4D06-B5D1-B4F9A2C334F1}.AppStore|iPhoneSimulator.ActiveCfg = Release|Any CPU
		{CCBB2539-C664-4D06-B5D1-B4F9A2C334F1}.AppStore|Mixed Platforms.ActiveCfg = Release|x86
		{CCBB2539-C664-4D06-B5D1-B4F9A2C334F1}.AppStore|Mixed Platforms.Build.0 = Release|x86
		{CCBB2539-C664-4D06-B5D1-B4F9A2C334F1}.AppStore|Mixed Platforms.Deploy.0 = Release|x86
		{CCBB2539-C664-4D06-B5D1-B4F9A2C334F1}.AppStore|x86.ActiveCfg = Release|x86
		{CCBB2539-C664-4D06-B5D1-B4F9A2C334F1}.AppStore|x86.Build.0 = Release|x86
		{CCBB2539-C664-4D06-B5D1-B4F9A2C334F1}.AppStore|x86.Deploy.0 = Release|x86
		{CCBB2539-C664-4D06-B5D1-B4F9A2C334F1}.Debug|Any CPU.ActiveCfg = Debug|Any CPU
		{CCBB2539-C664-4D06-B5D1-B4F9A2C334F1}.Debug|Any CPU.Build.0 = Debug|Any CPU
		{CCBB2539-C664-4D06-B5D1-B4F9A2C334F1}.Debug|Any CPU.Deploy.0 = Debug|Any CPU
		{CCBB2539-C664-4D06-B5D1-B4F9A2C334F1}.Debug|ARM.ActiveCfg = Debug|ARM
		{CCBB2539-C664-4D06-B5D1-B4F9A2C334F1}.Debug|ARM.Build.0 = Debug|ARM
		{CCBB2539-C664-4D06-B5D1-B4F9A2C334F1}.Debug|ARM.Deploy.0 = Debug|ARM
		{CCBB2539-C664-4D06-B5D1-B4F9A2C334F1}.Debug|iPhone.ActiveCfg = Debug|Any CPU
		{CCBB2539-C664-4D06-B5D1-B4F9A2C334F1}.Debug|iPhoneSimulator.ActiveCfg = Debug|x86
		{CCBB2539-C664-4D06-B5D1-B4F9A2C334F1}.Debug|iPhoneSimulator.Build.0 = Debug|x86
		{CCBB2539-C664-4D06-B5D1-B4F9A2C334F1}.Debug|iPhoneSimulator.Deploy.0 = Debug|x86
		{CCBB2539-C664-4D06-B5D1-B4F9A2C334F1}.Debug|Mixed Platforms.ActiveCfg = Debug|x86
		{CCBB2539-C664-4D06-B5D1-B4F9A2C334F1}.Debug|Mixed Platforms.Build.0 = Debug|x86
		{CCBB2539-C664-4D06-B5D1-B4F9A2C334F1}.Debug|Mixed Platforms.Deploy.0 = Debug|x86
		{CCBB2539-C664-4D06-B5D1-B4F9A2C334F1}.Debug|x86.ActiveCfg = Debug|x86
		{CCBB2539-C664-4D06-B5D1-B4F9A2C334F1}.Debug|x86.Build.0 = Debug|x86
		{CCBB2539-C664-4D06-B5D1-B4F9A2C334F1}.Debug|x86.Deploy.0 = Debug|x86
		{CCBB2539-C664-4D06-B5D1-B4F9A2C334F1}.Release|Any CPU.ActiveCfg = Release|Any CPU
		{CCBB2539-C664-4D06-B5D1-B4F9A2C334F1}.Release|Any CPU.Build.0 = Release|Any CPU
		{CCBB2539-C664-4D06-B5D1-B4F9A2C334F1}.Release|Any CPU.Deploy.0 = Release|Any CPU
		{CCBB2539-C664-4D06-B5D1-B4F9A2C334F1}.Release|ARM.ActiveCfg = Release|ARM
		{CCBB2539-C664-4D06-B5D1-B4F9A2C334F1}.Release|ARM.Build.0 = Release|ARM
		{CCBB2539-C664-4D06-B5D1-B4F9A2C334F1}.Release|ARM.Deploy.0 = Release|ARM
		{CCBB2539-C664-4D06-B5D1-B4F9A2C334F1}.Release|iPhone.ActiveCfg = Release|Any CPU
		{CCBB2539-C664-4D06-B5D1-B4F9A2C334F1}.Release|iPhoneSimulator.ActiveCfg = Release|Any CPU
		{CCBB2539-C664-4D06-B5D1-B4F9A2C334F1}.Release|Mixed Platforms.ActiveCfg = Release|x86
		{CCBB2539-C664-4D06-B5D1-B4F9A2C334F1}.Release|Mixed Platforms.Build.0 = Release|x86
		{CCBB2539-C664-4D06-B5D1-B4F9A2C334F1}.Release|Mixed Platforms.Deploy.0 = Release|x86
		{CCBB2539-C664-4D06-B5D1-B4F9A2C334F1}.Release|x86.ActiveCfg = Release|x86
		{CCBB2539-C664-4D06-B5D1-B4F9A2C334F1}.Release|x86.Build.0 = Release|x86
		{CCBB2539-C664-4D06-B5D1-B4F9A2C334F1}.Release|x86.Deploy.0 = Release|x86
		{1B156FB2-35AB-4765-92F4-0570C90B4D49}.Ad-Hoc|Any CPU.ActiveCfg = Ad-Hoc|iPhone
		{1B156FB2-35AB-4765-92F4-0570C90B4D49}.Ad-Hoc|ARM.ActiveCfg = Ad-Hoc|iPhone
		{1B156FB2-35AB-4765-92F4-0570C90B4D49}.Ad-Hoc|iPhone.ActiveCfg = Ad-Hoc|iPhone
		{1B156FB2-35AB-4765-92F4-0570C90B4D49}.Ad-Hoc|iPhone.Build.0 = Ad-Hoc|iPhone
		{1B156FB2-35AB-4765-92F4-0570C90B4D49}.Ad-Hoc|iPhone.Deploy.0 = Ad-Hoc|iPhone
		{1B156FB2-35AB-4765-92F4-0570C90B4D49}.Ad-Hoc|iPhoneSimulator.ActiveCfg = Ad-Hoc|iPhoneSimulator
		{1B156FB2-35AB-4765-92F4-0570C90B4D49}.Ad-Hoc|iPhoneSimulator.Build.0 = Ad-Hoc|iPhoneSimulator
		{1B156FB2-35AB-4765-92F4-0570C90B4D49}.Ad-Hoc|iPhoneSimulator.Deploy.0 = Ad-Hoc|iPhoneSimulator
		{1B156FB2-35AB-4765-92F4-0570C90B4D49}.Ad-Hoc|Mixed Platforms.ActiveCfg = Ad-Hoc|iPhone
		{1B156FB2-35AB-4765-92F4-0570C90B4D49}.Ad-Hoc|Mixed Platforms.Build.0 = Ad-Hoc|iPhone
		{1B156FB2-35AB-4765-92F4-0570C90B4D49}.Ad-Hoc|Mixed Platforms.Deploy.0 = Ad-Hoc|iPhone
		{1B156FB2-35AB-4765-92F4-0570C90B4D49}.Ad-Hoc|x86.ActiveCfg = Ad-Hoc|iPhone
		{1B156FB2-35AB-4765-92F4-0570C90B4D49}.AppStore|Any CPU.ActiveCfg = AppStore|iPhone
		{1B156FB2-35AB-4765-92F4-0570C90B4D49}.AppStore|ARM.ActiveCfg = AppStore|iPhone
		{1B156FB2-35AB-4765-92F4-0570C90B4D49}.AppStore|iPhone.ActiveCfg = AppStore|iPhone
		{1B156FB2-35AB-4765-92F4-0570C90B4D49}.AppStore|iPhone.Build.0 = AppStore|iPhone
		{1B156FB2-35AB-4765-92F4-0570C90B4D49}.AppStore|iPhone.Deploy.0 = AppStore|iPhone
		{1B156FB2-35AB-4765-92F4-0570C90B4D49}.AppStore|iPhoneSimulator.ActiveCfg = AppStore|iPhoneSimulator
		{1B156FB2-35AB-4765-92F4-0570C90B4D49}.AppStore|iPhoneSimulator.Build.0 = AppStore|iPhoneSimulator
		{1B156FB2-35AB-4765-92F4-0570C90B4D49}.AppStore|iPhoneSimulator.Deploy.0 = AppStore|iPhoneSimulator
		{1B156FB2-35AB-4765-92F4-0570C90B4D49}.AppStore|Mixed Platforms.ActiveCfg = AppStore|iPhone
		{1B156FB2-35AB-4765-92F4-0570C90B4D49}.AppStore|Mixed Platforms.Build.0 = AppStore|iPhone
		{1B156FB2-35AB-4765-92F4-0570C90B4D49}.AppStore|Mixed Platforms.Deploy.0 = AppStore|iPhone
		{1B156FB2-35AB-4765-92F4-0570C90B4D49}.AppStore|x86.ActiveCfg = AppStore|iPhone
		{1B156FB2-35AB-4765-92F4-0570C90B4D49}.Debug|Any CPU.ActiveCfg = Debug|iPhone
		{1B156FB2-35AB-4765-92F4-0570C90B4D49}.Debug|ARM.ActiveCfg = Debug|iPhone
		{1B156FB2-35AB-4765-92F4-0570C90B4D49}.Debug|iPhone.ActiveCfg = Debug|iPhone
		{1B156FB2-35AB-4765-92F4-0570C90B4D49}.Debug|iPhone.Build.0 = Debug|iPhone
		{1B156FB2-35AB-4765-92F4-0570C90B4D49}.Debug|iPhone.Deploy.0 = Debug|iPhone
		{1B156FB2-35AB-4765-92F4-0570C90B4D49}.Debug|iPhoneSimulator.ActiveCfg = Debug|iPhoneSimulator
		{1B156FB2-35AB-4765-92F4-0570C90B4D49}.Debug|iPhoneSimulator.Build.0 = Debug|iPhoneSimulator
		{1B156FB2-35AB-4765-92F4-0570C90B4D49}.Debug|iPhoneSimulator.Deploy.0 = Debug|iPhoneSimulator
		{1B156FB2-35AB-4765-92F4-0570C90B4D49}.Debug|Mixed Platforms.ActiveCfg = Debug|iPhone
		{1B156FB2-35AB-4765-92F4-0570C90B4D49}.Debug|Mixed Platforms.Build.0 = Debug|iPhone
		{1B156FB2-35AB-4765-92F4-0570C90B4D49}.Debug|Mixed Platforms.Deploy.0 = Debug|iPhone
		{1B156FB2-35AB-4765-92F4-0570C90B4D49}.Debug|x86.ActiveCfg = Debug|iPhone
		{1B156FB2-35AB-4765-92F4-0570C90B4D49}.Release|Any CPU.ActiveCfg = Release|iPhone
		{1B156FB2-35AB-4765-92F4-0570C90B4D49}.Release|ARM.ActiveCfg = Release|iPhone
		{1B156FB2-35AB-4765-92F4-0570C90B4D49}.Release|iPhone.ActiveCfg = Release|iPhone
		{1B156FB2-35AB-4765-92F4-0570C90B4D49}.Release|iPhone.Build.0 = Release|iPhone
		{1B156FB2-35AB-4765-92F4-0570C90B4D49}.Release|iPhone.Deploy.0 = Release|iPhone
		{1B156FB2-35AB-4765-92F4-0570C90B4D49}.Release|iPhoneSimulator.ActiveCfg = Release|iPhoneSimulator
		{1B156FB2-35AB-4765-92F4-0570C90B4D49}.Release|iPhoneSimulator.Build.0 = Release|iPhoneSimulator
		{1B156FB2-35AB-4765-92F4-0570C90B4D49}.Release|iPhoneSimulator.Deploy.0 = Release|iPhoneSimulator
		{1B156FB2-35AB-4765-92F4-0570C90B4D49}.Release|Mixed Platforms.ActiveCfg = Release|iPhone
		{1B156FB2-35AB-4765-92F4-0570C90B4D49}.Release|Mixed Platforms.Build.0 = Release|iPhone
		{1B156FB2-35AB-4765-92F4-0570C90B4D49}.Release|Mixed Platforms.Deploy.0 = Release|iPhone
		{1B156FB2-35AB-4765-92F4-0570C90B4D49}.Release|x86.ActiveCfg = Release|iPhone
		{6E17A382-ADE6-479C-A456-B2968DB4B290}.Ad-Hoc|Any CPU.ActiveCfg = Release|Any CPU
		{6E17A382-ADE6-479C-A456-B2968DB4B290}.Ad-Hoc|Any CPU.Build.0 = Release|Any CPU
		{6E17A382-ADE6-479C-A456-B2968DB4B290}.Ad-Hoc|Any CPU.Deploy.0 = Release|Any CPU
		{6E17A382-ADE6-479C-A456-B2968DB4B290}.Ad-Hoc|ARM.ActiveCfg = Release|Any CPU
		{6E17A382-ADE6-479C-A456-B2968DB4B290}.Ad-Hoc|iPhone.ActiveCfg = Release|Any CPU
		{6E17A382-ADE6-479C-A456-B2968DB4B290}.Ad-Hoc|iPhoneSimulator.ActiveCfg = Release|Any CPU
		{6E17A382-ADE6-479C-A456-B2968DB4B290}.Ad-Hoc|Mixed Platforms.ActiveCfg = Release|Any CPU
		{6E17A382-ADE6-479C-A456-B2968DB4B290}.Ad-Hoc|Mixed Platforms.Build.0 = Release|Any CPU
		{6E17A382-ADE6-479C-A456-B2968DB4B290}.Ad-Hoc|Mixed Platforms.Deploy.0 = Release|Any CPU
		{6E17A382-ADE6-479C-A456-B2968DB4B290}.Ad-Hoc|x86.ActiveCfg = Release|Any CPU
		{6E17A382-ADE6-479C-A456-B2968DB4B290}.AppStore|Any CPU.ActiveCfg = Release|Any CPU
		{6E17A382-ADE6-479C-A456-B2968DB4B290}.AppStore|Any CPU.Build.0 = Release|Any CPU
		{6E17A382-ADE6-479C-A456-B2968DB4B290}.AppStore|Any CPU.Deploy.0 = Release|Any CPU
		{6E17A382-ADE6-479C-A456-B2968DB4B290}.AppStore|ARM.ActiveCfg = Release|Any CPU
		{6E17A382-ADE6-479C-A456-B2968DB4B290}.AppStore|iPhone.ActiveCfg = Release|Any CPU
		{6E17A382-ADE6-479C-A456-B2968DB4B290}.AppStore|iPhoneSimulator.ActiveCfg = Release|Any CPU
		{6E17A382-ADE6-479C-A456-B2968DB4B290}.AppStore|Mixed Platforms.ActiveCfg = Release|Any CPU
		{6E17A382-ADE6-479C-A456-B2968DB4B290}.AppStore|Mixed Platforms.Build.0 = Release|Any CPU
		{6E17A382-ADE6-479C-A456-B2968DB4B290}.AppStore|Mixed Platforms.Deploy.0 = Release|Any CPU
		{6E17A382-ADE6-479C-A456-B2968DB4B290}.AppStore|x86.ActiveCfg = Release|Any CPU
		{6E17A382-ADE6-479C-A456-B2968DB4B290}.Debug|Any CPU.ActiveCfg = Debug|Any CPU
		{6E17A382-ADE6-479C-A456-B2968DB4B290}.Debug|Any CPU.Build.0 = Debug|Any CPU
		{6E17A382-ADE6-479C-A456-B2968DB4B290}.Debug|Any CPU.Deploy.0 = Debug|Any CPU
		{6E17A382-ADE6-479C-A456-B2968DB4B290}.Debug|ARM.ActiveCfg = Debug|Any CPU
		{6E17A382-ADE6-479C-A456-B2968DB4B290}.Debug|iPhone.ActiveCfg = Debug|Any CPU
		{6E17A382-ADE6-479C-A456-B2968DB4B290}.Debug|iPhoneSimulator.ActiveCfg = Debug|Any CPU
		{6E17A382-ADE6-479C-A456-B2968DB4B290}.Debug|iPhoneSimulator.Build.0 = Debug|Any CPU
		{6E17A382-ADE6-479C-A456-B2968DB4B290}.Debug|iPhoneSimulator.Deploy.0 = Debug|Any CPU
		{6E17A382-ADE6-479C-A456-B2968DB4B290}.Debug|Mixed Platforms.ActiveCfg = Debug|Any CPU
		{6E17A382-ADE6-479C-A456-B2968DB4B290}.Debug|Mixed Platforms.Build.0 = Debug|Any CPU
		{6E17A382-ADE6-479C-A456-B2968DB4B290}.Debug|Mixed Platforms.Deploy.0 = Debug|Any CPU
		{6E17A382-ADE6-479C-A456-B2968DB4B290}.Debug|x86.ActiveCfg = Debug|Any CPU
		{6E17A382-ADE6-479C-A456-B2968DB4B290}.Release|Any CPU.ActiveCfg = Release|Any CPU
		{6E17A382-ADE6-479C-A456-B2968DB4B290}.Release|Any CPU.Build.0 = Release|Any CPU
		{6E17A382-ADE6-479C-A456-B2968DB4B290}.Release|Any CPU.Deploy.0 = Release|Any CPU
		{6E17A382-ADE6-479C-A456-B2968DB4B290}.Release|ARM.ActiveCfg = Release|Any CPU
		{6E17A382-ADE6-479C-A456-B2968DB4B290}.Release|iPhone.ActiveCfg = Release|Any CPU
		{6E17A382-ADE6-479C-A456-B2968DB4B290}.Release|iPhoneSimulator.ActiveCfg = Release|Any CPU
		{6E17A382-ADE6-479C-A456-B2968DB4B290}.Release|Mixed Platforms.ActiveCfg = Release|Any CPU
		{6E17A382-ADE6-479C-A456-B2968DB4B290}.Release|Mixed Platforms.Build.0 = Release|Any CPU
		{6E17A382-ADE6-479C-A456-B2968DB4B290}.Release|Mixed Platforms.Deploy.0 = Release|Any CPU
		{6E17A382-ADE6-479C-A456-B2968DB4B290}.Release|x86.ActiveCfg = Release|Any CPU
	EndGlobalSection
	GlobalSection(SolutionProperties) = preSolution
		HideSolutionNode = FALSE
	EndGlobalSection
EndGlobal
